
Microsoft Visual Studio Solution File, Format Version 12.00
# Visual Studio Version 16
VisualStudioVersion = 16.0.30717.126
MinimumVisualStudioVersion = 10.0.40219.1
Project("{8BC9CEB8-8B4A-11D0-8D11-00A0C91BC942}") = "c연습", "c연습\c연습.vcxproj", "{EFD6DCDE-C4C7-46B5-BF4E-BF2B3F002AAB}"
EndProject
Global
	GlobalSection(SolutionConfigurationPlatforms) = preSolution
		Debug|x64 = Debug|x64
		Debug|x86 = Debug|x86
		Release|x64 = Release|x64
		Release|x86 = Release|x86
	EndGlobalSection
	GlobalSection(ProjectConfigurationPlatforms) = postSolution
		{EFD6DCDE-C4C7-46B5-BF4E-BF2B3F002AAB}.Debug|x64.ActiveCfg = Debug|x64
		{EFD6DCDE-C4C7-46B5-BF4E-BF2B3F002AAB}.Debug|x64.Build.0 = Debug|x64
		{EFD6DCDE-C4C7-46B5-BF4E-BF2B3F002AAB}.Debug|x86.ActiveCfg = Debug|Win32
		{EFD6DCDE-C4C7-46B5-BF4E-BF2B3F002AAB}.Debug|x86.Build.0 = Debug|Win32
		{EFD6DCDE-C4C7-46B5-BF4E-BF2B3F002AAB}.Release|x64.ActiveCfg = Release|x64
		{EFD6DCDE-C4C7-46B5-BF4E-BF2B3F002AAB}.Release|x64.Build.0 = Release|x64
		{EFD6DCDE-C4C7-46B5-BF4E-BF2B3F002AAB}.Release|x86.ActiveCfg = Release|Win32
		{EFD6DCDE-C4C7-46B5-BF4E-BF2B3F002AAB}.Release|x86.Build.0 = Release|Win32
	EndGlobalSection
	GlobalSection(SolutionProperties) = preSolution
		HideSolutionNode = FALSE
	EndGlobalSection
	GlobalSection(ExtensibilityGlobals) = postSolution
		SolutionGuid = {370A1A7C-78E5-43C1-A2A7-937D335AEAC7}
	EndGlobalSection
EndGlobal
